
Microsoft Visual Studio Solution File, Format Version 12.00
# Visual Studio 15
VisualStudioVersion = 15.0.26124.0
MinimumVisualStudioVersion = 15.0.26124.0
Project("{2150E333-8FDC-42A3-9474-1A3956D46DE8}") = "src", "src", "{88CEAFD5-6F03-49E0-A623-AD8D63898AB6}"
EndProject
Project("{FAE04EC0-301F-11D3-BF4B-00C04F79EFBC}") = "ServiceStack.Ninject", "src\ServiceStack.Ninject\ServiceStack.Ninject.csproj", "{CFBC3692-AEAE-4127-AD61-8DCF298CC888}"
EndProject
Project("{2150E333-8FDC-42A3-9474-1A3956D46DE8}") = "test", "test", "{F823B626-BB97-40C9-9B38-FC14C5626DD9}"
EndProject
Project("{FAE04EC0-301F-11D3-BF4B-00C04F79EFBC}") = "ServiceStack.Ninject.Tests", "test\ServiceStack.Ninject.Tests\ServiceStack.Ninject.Tests.csproj", "{A6119700-67D9-4D10-9630-98F1A985FF22}"
EndProject
Global
	GlobalSection(SolutionConfigurationPlatforms) = preSolution
		Debug|Any CPU = Debug|Any CPU
		Debug|x64 = Debug|x64
		Debug|x86 = Debug|x86
		Release|Any CPU = Release|Any CPU
		Release|x64 = Release|x64
		Release|x86 = Release|x86
	EndGlobalSection
	GlobalSection(SolutionProperties) = preSolution
		HideSolutionNode = FALSE
	EndGlobalSection
	GlobalSection(ProjectConfigurationPlatforms) = postSolution
		{CFBC3692-AEAE-4127-AD61-8DCF298CC888}.Debug|Any CPU.ActiveCfg = Debug|Any CPU
		{CFBC3692-AEAE-4127-AD61-8DCF298CC888}.Debug|Any CPU.Build.0 = Debug|Any CPU
		{CFBC3692-AEAE-4127-AD61-8DCF298CC888}.Debug|x64.ActiveCfg = Debug|Any CPU
		{CFBC3692-AEAE-4127-AD61-8DCF298CC888}.Debug|x64.Build.0 = Debug|Any CPU
		{CFBC3692-AEAE-4127-AD61-8DCF298CC888}.Debug|x86.ActiveCfg = Debug|Any CPU
		{CFBC3692-AEAE-4127-AD61-8DCF298CC888}.Debug|x86.Build.0 = Debug|Any CPU
		{CFBC3692-AEAE-4127-AD61-8DCF298CC888}.Release|Any CPU.ActiveCfg = Release|Any CPU
		{CFBC3692-AEAE-4127-AD61-8DCF298CC888}.Release|Any CPU.Build.0 = Release|Any CPU
		{CFBC3692-AEAE-4127-AD61-8DCF298CC888}.Release|x64.ActiveCfg = Release|Any CPU
		{CFBC3692-AEAE-4127-AD61-8DCF298CC888}.Release|x64.Build.0 = Release|Any CPU
		{CFBC3692-AEAE-4127-AD61-8DCF298CC888}.Release|x86.ActiveCfg = Release|Any CPU
		{CFBC3692-AEAE-4127-AD61-8DCF298CC888}.Release|x86.Build.0 = Release|Any CPU
		{A6119700-67D9-4D10-9630-98F1A985FF22}.Debug|Any CPU.ActiveCfg = Debug|Any CPU
		{A6119700-67D9-4D10-9630-98F1A985FF22}.Debug|Any CPU.Build.0 = Debug|Any CPU
		{A6119700-67D9-4D10-9630-98F1A985FF22}.Debug|x64.ActiveCfg = Debug|Any CPU
		{A6119700-67D9-4D10-9630-98F1A985FF22}.Debug|x64.Build.0 = Debug|Any CPU
		{A6119700-67D9-4D10-9630-98F1A985FF22}.Debug|x86.ActiveCfg = Debug|Any CPU
		{A6119700-67D9-4D10-9630-98F1A985FF22}.Debug|x86.Build.0 = Debug|Any CPU
		{A6119700-67D9-4D10-9630-98F1A985FF22}.Release|Any CPU.ActiveCfg = Release|Any CPU
		{A6119700-67D9-4D10-9630-98F1A985FF22}.Release|Any CPU.Build.0 = Release|Any CPU
		{A6119700-67D9-4D10-9630-98F1A985FF22}.Release|x64.ActiveCfg = Release|Any CPU
		{A6119700-67D9-4D10-9630-98F1A985FF22}.Release|x64.Build.0 = Release|Any CPU
		{A6119700-67D9-4D10-9630-98F1A985FF22}.Release|x86.ActiveCfg = Release|Any CPU
		{A6119700-67D9-4D10-9630-98F1A985FF22}.Release|x86.Build.0 = Release|Any CPU
	EndGlobalSection
	GlobalSection(NestedProjects) = preSolution
		{CFBC3692-AEAE-4127-AD61-8DCF298CC888} = {88CEAFD5-6F03-49E0-A623-AD8D63898AB6}
		{A6119700-67D9-4D10-9630-98F1A985FF22} = {F823B626-BB97-40C9-9B38-FC14C5626DD9}
	EndGlobalSection
EndGlobal
